# THIS IS AN AUTOGENERATED FILE. DO NOT EDIT THIS FILE DIRECTLY.
# yarn lockfile v1


node-forge@0.9.0:
  version "0.9.0"
  resolved "https://registry.npm.taobao.org/node-forge/download/node-forge-0.9.0.tgz?cache=0&sync_timestamp=1569524669712&other_urls=https%3A%2F%2Fregistry.npm.taobao.org%2Fnode-forge%2Fdownload%2Fnode-forge-0.9.0.tgz#d624050edbb44874adca12bb9a52ec63cb782579"
  integrity sha1-1iQFDtu0SHStyhK7mlLsY8t4JXk=

selfsigned@^1.10.7:
  version "1.10.7"
  resolved "https://registry.npm.taobao.org/selfsigned/download/selfsigned-1.10.7.tgz?cache=0&sync_timestamp=1569952074772&other_urls=https%3A%2F%2Fregistry.npm.taobao.org%2Fselfsigned%2Fdownload%2Fselfsigned-1.10.7.tgz#da5819fd049d5574f28e88a9bcc6dbc6e6f3906b"
  integrity sha1-2lgZ/QSdVXTyjoipvMbbxubzkGs=
  dependencies:
    node-forge "0.9.0"
